// !$*UTF8*$!
{
	archiveVersion = 1;
	classes = {
	};
	objectVersion = 50;
	objects = {

/* Begin PBXBuildFile section */
		FB601AB524161A2500CC3277 /* AppDelegate.swift in Sources */ = {isa = PBXBuildFile; fileRef = FB601AB424161A2500CC3277 /* AppDelegate.swift */; };
		FB601AB724161A2500CC3277 /* SceneDelegate.swift in Sources */ = {isa = PBXBuildFile; fileRef = FB601AB624161A2500CC3277 /* SceneDelegate.swift */; };
		FB601AB924161A2500CC3277 /* ViewController.swift in Sources */ = {isa = PBXBuildFile; fileRef = FB601AB824161A2500CC3277 /* ViewController.swift */; };
		FB601ABC24161A2500CC3277 /* Main.storyboard in Resources */ = {isa = PBXBuildFile; fileRef = FB601ABA24161A2500CC3277 /* Main.storyboard */; };
		FB601ABE24161A2700CC3277 /* Assets.xcassets in Resources */ = {isa = PBXBuildFile; fileRef = FB601ABD24161A2700CC3277 /* Assets.xcassets */; };
		FB601AC124161A2700CC3277 /* LaunchScreen.storyboard in Resources */ = {isa = PBXBuildFile; fileRef = FB601ABF24161A2700CC3277 /* LaunchScreen.storyboard */; };
/* End PBXBuildFile section */

/* Begin PBXFileReference section */
		FB601AB124161A2500CC3277 /* dynamic_planning.app */ = {isa = PBXFileReference; explicitFileType = wrapper.application; includeInIndex = 0; path = dynamic_planning.app; sourceTree = BUILT_PRODUCTS_DIR; };
		FB601AB424161A2500CC3277 /* AppDelegate.swift */ = {isa = PBXFileReference; lastKnownFileType = sourcecode.swift; path = AppDelegate.swift; sourceTree = "<group>"; };
		FB601AB624161A2500CC3277 /* SceneDelegate.swift */ = {isa = PBXFileReference; lastKnownFileType = sourcecode.swift; path = SceneDelegate.swift; sourceTree = "<group>"; };
		FB601AB824161A2500CC3277 /* ViewController.swift */ = {isa = PBXFileReference; lastKnownFileType = sourcecode.swift; path = ViewController.swift; sourceTree = "<group>"; };
		FB601ABB24161A2500CC3277 /* Base */ = {isa = PBXFileReference; lastKnownFileType = file.storyboard; name = Base; path = Base.lproj/Main.storyboard; sourceTree = "<group>"; };
		FB601ABD24161A2700CC3277 /* Assets.xcassets */ = {isa = PBXFileReference; lastKnownFileType = folder.assetcatalog; path = Assets.xcassets; sourceTree = "<group>"; };
		FB601AC024161A2700CC3277 /* Base */ = {isa = PBXFileReference; lastKnownFileType = file.storyboard; name = Base; path = Base.lproj/LaunchScreen.storyboard; sourceTree = "<group>"; };
		FB601AC224161A2700CC3277 /* Info.plist */ = {isa = PBXFileReference; lastKnownFileType = text.plist.xml; path = Info.plist; sourceTree = "<group>"; };
/* End PBXFileReference section */

/* Begin PBXFrameworksBuildPhase section */
		FB601AAE24161A2500CC3277 /* Frameworks */ = {
			isa = PBXFrameworksBuildPhase;
			buildActionMask = 2147483647;
			files = (
			);
			runOnlyForDeploymentPostprocessing = 0;
		};
/* End PBXFrameworksBuildPhase section */

/* Begin PBXGroup section */
		FB601AA824161A2500CC3277 = {
			isa = PBXGroup;
			children = (
				FB601AB324161A2500CC3277 /* dynamic_planning */,
				FB601AB224161A2500CC3277 /* Products */,
			);
			sourceTree = "<group>";
		};
		FB601AB224161A2500CC3277 /* Products */ = {
			isa = PBXGroup;
			children = (
				FB601AB124161A2500CC3277 /* dynamic_planning.app */,
			);
			name = Products;
			sourceTree = "<group>";
		};
		FB601AB324161A2500CC3277 /* dynamic_planning */ = {
			isa = PBXGroup;
			children = (
				FB601AB424161A2500CC3277 /* AppDelegate.swift */,
				FB601AB624161A2500CC3277 /* SceneDelegate.swift */,
				FB601AB824161A2500CC3277 /* ViewController.swift */,
				FB601ABA24161A2500CC3277 /* Main.storyboard */,
				FB601ABD24161A2700CC3277 /* Assets.xcassets */,
				FB601ABF24161A2700CC3277 /* LaunchScreen.storyboard */,
				FB601AC224161A2700CC3277 /* Info.plist */,
			);
			path = dynamic_planning;
			sourceTree = "<group>";
		};
/* End PBXGroup section */

/* Begin PBXNativeTarget section */
		FB601AB024161A2500CC3277 /* dynamic_planning */ = {
			isa = PBXNativeTarget;
			buildConfigurationList = FB601AC524161A2700CC3277 /* Build configuration list for PBXNativeTarget "dynamic_planning" */;
			buildPhases = (
				FB601AAD24161A2500CC3277 /* Sources */,
				FB601AAE24161A2500CC3277 /* Frameworks */,
				FB601AAF24161A2500CC3277 /* Resources */,
			);
			buildRules = (
			);
			dependencies = (
			);
			name = dynamic_planning;
			productName = dynamic_planning;
			productReference = FB601AB124161A2500CC3277 /* dynamic_planning.app */;
			productType = "com.apple.product-type.application";
		};
/* End PBXNativeTarget section */

/* Begin PBXProject section */
		FB601AA924161A2500CC3277 /* Project object */ = {
			isa = PBXProject;
			attributes = {
				LastSwiftUpdateCheck = 1130;
				LastUpgradeCheck = 1130;
				ORGANIZATIONNAME = "Can Lee";
				TargetAttributes = {
					FB601AB024161A2500CC3277 = {
						CreatedOnToolsVersion = 11.3.1;
					};
				};
			};
			buildConfigurationList = FB601AAC24161A2500CC3277 /* Build configuration list for PBXProject "dynamic_planning" */;
			compatibilityVersion = "Xcode 9.3";
			developmentRegion = en;
			hasScannedForEncodings = 0;
			knownRegions = (
				en,
				Base,
			);
			mainGroup = FB601AA824161A2500CC3277;
			productRefGroup = FB601AB224161A2500CC3277 /* Products */;
			projectDirPath = "";
			projectRoot = "";
			targets = (
				FB601AB024161A2500CC3277 /* dynamic_planning */,
			);
		};
/* End PBXProject section */

/* Begin PBXResourcesBuildPhase section */
		FB601AAF24161A2500CC3277 /* Resources */ = {
			isa = PBXResourcesBuildPhase;
			buildActionMask = 2147483647;
			files = (
				FB601AC124161A2700CC3277 /* LaunchScreen.storyboard in Resources */,
				FB601ABE24161A2700CC3277 /* Assets.xcassets in Resources */,
				FB601ABC24161A2500CC3277 /* Main.storyboard in Resources */,
			);
			runOnlyForDeploymentPostprocessing = 0;
		};
/* End PBXResourcesBuildPhase section */

/* Begin PBXSourcesBuildPhase section */
		FB601AAD24161A2500CC3277 /* Sources */ = {
			isa = PBXSourcesBuildPhase;
			buildActionMask = 2147483647;
			files = (
				FB601AB924161A2500CC3277 /* ViewController.swift in Sources */,
				FB601AB524161A2500CC3277 /* AppDelegate.swift in Sources */,
				FB601AB724161A2500CC3277 /* SceneDelegate.swift in Sources */,
			);
			runOnlyForDeploymentPostprocessing = 0;
		};
/* End PBXSourcesBuildPhase section */

/* Begin PBXVariantGroup section */
		FB601ABA24161A2500CC3277 /* Main.storyboard */ = {
			isa = PBXVariantGroup;
			children = (
				FB601ABB24161A2500CC3277 /* Base */,
			);
			name = Main.storyboard;
			sourceTree = "<group>";
		};
		FB601ABF24161A2700CC3277 /* LaunchScreen.storyboard */ = {
			isa = PBXVariantGroup;
			children = (
				FB601AC024161A2700CC3277 /* Base */,
			);
			name = LaunchScreen.storyboard;
			sourceTree = "<group>";
		};
/* End PBXVariantGroup section */

/* Begin XCBuildConfiguration section */
		FB601AC324161A2700CC3277 /* Debug */ = {
			isa = XCBuildConfiguration;
			buildSettings = {
				ALWAYS_SEARCH_USER_PATHS = NO;
				CLANG_ANALYZER_NONNULL = YES;
				CLANG_ANALYZER_NUMBER_OBJECT_CONVERSION = YES_AGGRESSIVE;
				CLANG_CXX_LANGUAGE_STANDARD = "gnu++14";
				CLANG_CXX_LIBRARY = "libc++";
				CLANG_ENABLE_MODULES = YES;
				CLANG_ENABLE_OBJC_ARC = YES;
				CLANG_ENABLE_OBJC_WEAK = YES;
				CLANG_WARN_BLOCK_CAPTURE_AUTORELEASING = YES;
				CLANG_WARN_BOOL_CONVERSION = YES;
				CLANG_WARN_COMMA = YES;
				CLANG_WARN_CONSTANT_CONVERSION = YES;
				CLANG_WARN_DEPRECATED_OBJC_IMPLEMENTATIONS = YES;
				CLANG_WARN_DIRECT_OBJC_ISA_USAGE = YES_ERROR;
				CLANG_WARN_DOCUMENTATION_COMMENTS = YES;
				CLANG_WARN_EMPTY_BODY = YES;
				CLANG_WARN_ENUM_CONVERSION = YES;
				CLANG_WARN_INFINITE_RECURSION = YES;
				CLANG_WARN_INT_CONVERSION = YES;
				CLANG_WARN_NON_LITERAL_NULL_CONVERSION = YES;
				CLANG_WARN_OBJC_IMPLICIT_RETAIN_SELF = YES;
				CLANG_WARN_OBJC_LITERAL_CONVERSION = YES;
				CLANG_WARN_OBJC_ROOT_CLASS = YES_ERROR;
				CLANG_WARN_RANGE_LOOP_ANALYSIS = YES;
				CLANG_WARN_STRICT_PROTOTYPES = YES;
				CLANG_WARN_SUSPICIOUS_MOVE = YES;
				CLANG_WARN_UNGUARDED_AVAILABILITY = YES_AGGRESSIVE;
				CLANG_WARN_UNREACHABLE_CODE = YES;
				CLANG_WARN__DUPLICATE_METHOD_MATCH = YES;
				COPY_PHASE_STRIP = NO;
				DEBUG_INFORMATION_FORMAT = dwarf;
				ENABLE_STRICT_OBJC_MSGSEND = YES;
				ENABLE_TESTABILITY = YES;
				GCC_C_LANGUAGE_STANDARD = gnu11;
				GCC_DYNAMIC_NO_PIC = NO;
				GCC_NO_COMMON_BLOCKS = YES;
				GCC_OPTIMIZATION_LEVEL = 0;
				GCC_PREPROCESSOR_DEFINITIONS = (
					"DEBUG=1",
					"$(inherited)",
				);
				GCC_WARN_64_TO_32_BIT_CONVERSION = YES;
				GCC_WARN_ABOUT_RETURN_TYPE = YES_ERROR;
				GCC_WARN_UNDECLARED_SELECTOR = YES;
				GCC_WARN_UNINITIALIZED_AUTOS = YES_AGGRESSIVE;
				GCC_WARN_UNUSED_FUNCTION = YES;
				GCC_WARN_UNUSED_VARIABLE = YES;
				IPHONEOS_DEPLOYMENT_TARGET = 13.2;
				MTL_ENABLE_DEBUG_INFO = INCLUDE_SOURCE;
				MTL_FAST_MATH = YES;
				ONLY_ACTIVE_ARCH = YES;
				SDKROOT = iphoneos;
				SWIFT_ACTIVE_COMPILATION_CONDITIONS = DEBUG;
				SWIFT_OPTIMIZATION_LEVEL = "-Onone";
			};
			name = Debug;
		};
		FB601AC424161A2700CC3277 /* Release */ = {
			isa = XCBuildConfiguration;
			buildSettings = {
				ALWAYS_SEARCH_USER_PATHS = NO;
				CLANG_ANALYZER_NONNULL = YES;
				CLANG_ANALYZER_NUMBER_OBJECT_CONVERSION = YES_AGGRESSIVE;
				CLANG_CXX_LANGUAGE_STANDARD = "gnu++14";
				CLANG_CXX_LIBRARY = "libc++";
				CLANG_ENABLE_MODULES = YES;
				CLANG_ENABLE_OBJC_ARC = YES;
				CLANG_ENABLE_OBJC_WEAK = YES;
				CLANG_WARN_BLOCK_CAPTURE_AUTORELEASING = YES;
				CLANG_WARN_BOOL_CONVERSION = YES;
				CLANG_WARN_COMMA = YES;
				CLANG_WARN_CONSTANT_CONVERSION = YES;
				CLANG_WARN_DEPRECATED_OBJC_IMPLEMENTATIONS = YES;
				CLANG_WARN_DIRECT_OBJC_ISA_USAGE = YES_ERROR;
				CLANG_WARN_DOCUMENTATION_COMMENTS = YES;
				CLANG_WARN_EMPTY_BODY = YES;
				CLANG_WARN_ENUM_CONVERSION = YES;
				CLANG_WARN_INFINITE_RECURSION = YES;
				CLANG_WARN_INT_CONVERSION = YES;
				CLANG_WARN_NON_LITERAL_NULL_CONVERSION = YES;
				CLANG_WARN_OBJC_IMPLICIT_RETAIN_SELF = YES;
				CLANG_WARN_OBJC_LITERAL_CONVERSION = YES;
				CLANG_WARN_OBJC_ROOT_CLASS = YES_ERROR;
				CLANG_WARN_RANGE_LOOP_ANALYSIS = YES;
				CLANG_WARN_STRICT_PROTOTYPES = YES;
				CLANG_WARN_SUSPICIOUS_MOVE = YES;
				CLANG_WARN_UNGUARDED_AVAILABILITY = YES_AGGRESSIVE;
				CLANG_WARN_UNREACHABLE_CODE = YES;
				CLANG_WARN__DUPLICATE_METHOD_MATCH = YES;
				COPY_PHASE_STRIP = NO;
				DEBUG_INFORMATION_FORMAT = "dwarf-with-dsym";
				ENABLE_NS_ASSERTIONS = NO;
				ENABLE_STRICT_OBJC_MSGSEND = YES;
				GCC_C_LANGUAGE_STANDARD = gnu11;
				GCC_NO_COMMON_BLOCKS = YES;
				GCC_WARN_64_TO_32_BIT_CONVERSION = YES;
				GCC_WARN_ABOUT_RETURN_TYPE = YES_ERROR;
				GCC_WARN_UNDECLARED_SELECTOR = YES;
				GCC_WARN_UNINITIALIZED_AUTOS = YES_AGGRESSIVE;
				GCC_WARN_UNUSED_FUNCTION = YES;
				GCC_WARN_UNUSED_VARIABLE = YES;
				IPHONEOS_DEPLOYMENT_TARGET = 13.2;
				MTL_ENABLE_DEBUG_INFO = NO;
				MTL_FAST_MATH = YES;
				SDKROOT = iphoneos;
				SWIFT_COMPILATION_MODE = wholemodule;
				SWIFT_OPTIMIZATION_LEVEL = "-O";
				VALIDATE_PRODUCT = YES;
			};
			name = Release;
		};
		FB601AC624161A2700CC3277 /* Debug */ = {
			isa = XCBuildConfiguration;
			buildSettings = {
				ASSETCATALOG_COMPILER_APPICON_NAME = AppIcon;
				CODE_SIGN_STYLE = Automatic;
				DEVELOPMENT_TEAM = KCENR6RB8R;
				INFOPLIST_FILE = dynamic_planning/Info.plist;
				LD_RUNPATH_SEARCH_PATHS = (
					"$(inherited)",
					"@executable_path/Frameworks",
				);
				PRODUCT_BUNDLE_IDENTIFIER = "com.lican.dynamic-planning";
				PRODUCT_NAME = "$(TARGET_NAME)";
				SWIFT_VERSION = 5.0;
				TARGETED_DEVICE_FAMILY = "1,2";
			};
			name = Debug;
		};
		FB601AC724161A2700CC3277 /* Release */ = {
			isa = XCBuildConfiguration;
			buildSettings = {
				ASSETCATALOG_COMPILER_APPICON_NAME = AppIcon;
				CODE_SIGN_STYLE = Automatic;
				DEVELOPMENT_TEAM = KCENR6RB8R;
				INFOPLIST_FILE = dynamic_planning/Info.plist;
				LD_RUNPATH_SEARCH_PATHS = (
					"$(inherited)",
					"@executable_path/Frameworks",
				);
				PRODUCT_BUNDLE_IDENTIFIER = "com.lican.dynamic-planning";
				PRODUCT_NAME = "$(TARGET_NAME)";
				SWIFT_VERSION = 5.0;
				TARGETED_DEVICE_FAMILY = "1,2";
			};
			name = Release;
		};
/* End XCBuildConfiguration section */

/* Begin XCConfigurationList section */
		FB601AAC24161A2500CC3277 /* Build configuration list for PBXProject "dynamic_planning" */ = {
			isa = XCConfigurationList;
			buildConfigurations = (
				FB601AC324161A2700CC3277 /* Debug */,
				FB601AC424161A2700CC3277 /* Release */,
			);
			defaultConfigurationIsVisible = 0;
			defaultConfigurationName = Release;
		};
		FB601AC524161A2700CC3277 /* Build configuration list for PBXNativeTarget "dynamic_planning" */ = {
			isa = XCConfigurationList;
			buildConfigurations = (
				FB601AC624161A2700CC3277 /* Debug */,
				FB601AC724161A2700CC3277 /* Release */,
			);
			defaultConfigurationIsVisible = 0;
			defaultConfigurationName = Release;
		};
/* End XCConfigurationList section */
	};
	rootObject = FB601AA924161A2500CC3277 /* Project object */;
}
